
Microsoft Visual Studio Solution File, Format Version 10.00
# Visual Studio 2008
Project("{8BC9CEB8-8B4A-11D0-8D11-00A0C91BC942}") = "AppLib", "AppLib\AppLib.vcproj", "{A5E27E23-EA1F-49EF-A68A-508F74806CFF}"
EndProject
Project("{8BC9CEB8-8B4A-11D0-8D11-00A0C91BC942}") = "AppFS Test", "AppFS Test\AppFS Test.vcproj", "{EF4108F7-B3C8-4425-BD86-584C308791A3}"
	ProjectSection(ProjectDependencies) = postProject
		{A5E27E23-EA1F-49EF-A68A-508F74806CFF} = {A5E27E23-EA1F-49EF-A68A-508F74806CFF}
	EndProjectSection
EndProject
Project("{8BC9CEB8-8B4A-11D0-8D11-00A0C91BC942}") = "AppConsole", "AppConsole\AppConsole.vcproj", "{87261BC2-7AEF-4C41-BE82-FF859E4DCD48}"
	ProjectSection(ProjectDependencies) = postProject
		{A5E27E23-EA1F-49EF-A68A-508F74806CFF} = {A5E27E23-EA1F-49EF-A68A-508F74806CFF}
	EndProjectSection
EndProject
Global
	GlobalSection(SolutionConfigurationPlatforms) = preSolution
		Debug|Win32 = Debug|Win32
		Release|Win32 = Release|Win32
	EndGlobalSection
	GlobalSection(ProjectConfigurationPlatforms) = postSolution
		{A5E27E23-EA1F-49EF-A68A-508F74806CFF}.Debug|Win32.ActiveCfg = Debug|Win32
		{A5E27E23-EA1F-49EF-A68A-508F74806CFF}.Debug|Win32.Build.0 = Debug|Win32
		{A5E27E23-EA1F-49EF-A68A-508F74806CFF}.Release|Win32.ActiveCfg = Release|Win32
		{A5E27E23-EA1F-49EF-A68A-508F74806CFF}.Release|Win32.Build.0 = Release|Win32
		{EF4108F7-B3C8-4425-BD86-584C308791A3}.Debug|Win32.ActiveCfg = Debug|Win32
		{EF4108F7-B3C8-4425-BD86-584C308791A3}.Debug|Win32.Build.0 = Debug|Win32
		{EF4108F7-B3C8-4425-BD86-584C308791A3}.Release|Win32.ActiveCfg = Release|Win32
		{EF4108F7-B3C8-4425-BD86-584C308791A3}.Release|Win32.Build.0 = Release|Win32
		{87261BC2-7AEF-4C41-BE82-FF859E4DCD48}.Debug|Win32.ActiveCfg = Debug|Win32
		{87261BC2-7AEF-4C41-BE82-FF859E4DCD48}.Debug|Win32.Build.0 = Debug|Win32
		{87261BC2-7AEF-4C41-BE82-FF859E4DCD48}.Release|Win32.ActiveCfg = Release|Win32
		{87261BC2-7AEF-4C41-BE82-FF859E4DCD48}.Release|Win32.Build.0 = Release|Win32
	EndGlobalSection
	GlobalSection(SolutionProperties) = preSolution
		HideSolutionNode = FALSE
	EndGlobalSection
EndGlobal
